
Microsoft Visual Studio Solution File, Format Version 12.00
# Visual Studio Version 17
VisualStudioVersion = 17.0.31912.275
MinimumVisualStudioVersion = 10.0.40219.1
Project("{FAE04EC0-301F-11D3-BF4B-00C04F79EFBC}") = "ReachDestinationAPI", "ReachDestinationAPI.csproj", "{FE2D32A8-FDF6-4181-9F5A-C8F44EDA3C43}"
EndProject
Global
	GlobalSection(SolutionConfigurationPlatforms) = preSolution
		Debug|Any CPU = Debug|Any CPU
		Release|Any CPU = Release|Any CPU
	EndGlobalSection
	GlobalSection(ProjectConfigurationPlatforms) = postSolution
		{FE2D32A8-FDF6-4181-9F5A-C8F44EDA3C43}.Debug|Any CPU.ActiveCfg = Debug|Any CPU
		{FE2D32A8-FDF6-4181-9F5A-C8F44EDA3C43}.Debug|Any CPU.Build.0 = Debug|Any CPU
		{FE2D32A8-FDF6-4181-9F5A-C8F44EDA3C43}.Release|Any CPU.ActiveCfg = Release|Any CPU
		{FE2D32A8-FDF6-4181-9F5A-C8F44EDA3C43}.Release|Any CPU.Build.0 = Release|Any CPU
	EndGlobalSection
	GlobalSection(SolutionProperties) = preSolution
		HideSolutionNode = FALSE
	EndGlobalSection
	GlobalSection(ExtensibilityGlobals) = postSolution
		SolutionGuid = {A9B4D5AE-E890-4DAB-8BA5-2F70A64500AC}
	EndGlobalSection
EndGlobal
